
Microsoft Visual Studio Solution File, Format Version 12.00
# Visual Studio Version 17
VisualStudioVersion = 17.0.31919.166
MinimumVisualStudioVersion = 10.0.40219.1
Project("{9A19103F-16F7-4668-BE54-9A1E7A4F7556}") = "Sushi.Mediakiwi.Data", "src\Sushi.Mediakiwi.Data\Sushi.Mediakiwi.Data.csproj", "{F0C72A9E-4799-48E7-85B3-C9CE5A3AE81B}"
EndProject
Project("{9A19103F-16F7-4668-BE54-9A1E7A4F7556}") = "Sushi.Mediakiwi", "src\Sushi.Mediakiwi\Sushi.Mediakiwi.csproj", "{D0B32D66-DDB4-4D44-95B0-DED7108E03CB}"
EndProject
Project("{9A19103F-16F7-4668-BE54-9A1E7A4F7556}") = "Sushi.Mediakiwi.Demonstration", "src\Sushi.Mediakiwi.Demonstration\Sushi.Mediakiwi.Demonstration.csproj", "{C252AF02-772F-4BDA-B226-AF0B7C1C2741}"
EndProject
Project("{2150E333-8FDC-42A3-9474-1A3956D46DE8}") = "Solution Items", "Solution Items", "{DA850D2F-5A0B-4AC6-9A48-92952A3201C2}"
	ProjectSection(SolutionItems) = preProject
		.editorconfig = .editorconfig
		.gitignore = .gitignore
		elastic-notifications.txt = elastic-notifications.txt
		LICENSE = LICENSE
		README.md = README.md
	EndProjectSection
EndProject
Project("{9A19103F-16F7-4668-BE54-9A1E7A4F7556}") = "Sushi.Mediakiwi.Files", "src\Sushi.Mediakiwi.Files\Sushi.Mediakiwi.Files.csproj", "{8C696881-4AB8-41CD-AD46-AEAD0825BE50}"
EndProject
Project("{9A19103F-16F7-4668-BE54-9A1E7A4F7556}") = "Sushi.Mediakiwi.Headless", "src\Sushi.Mediakiwi.Headless\Sushi.Mediakiwi.Headless.csproj", "{6E1C9E66-EF21-433A-9190-D3F00E6A2CE9}"
EndProject
Project("{9A19103F-16F7-4668-BE54-9A1E7A4F7556}") = "Sushi.Mediakiwi.Test", "test\Sushi.Mediakiwi.Test\Sushi.Mediakiwi.Test.csproj", "{F7CDA9FF-31A0-4848-8030-D6A35A18DB40}"
EndProject
Project("{9A19103F-16F7-4668-BE54-9A1E7A4F7556}") = "Sushi.Mediakiwi.Website", "src\Sushi.Mediakiwi.Website\Sushi.Mediakiwi.Website.csproj", "{2C44F085-AC00-498D-A098-0C59E44D1641}"
EndProject
Project("{9A19103F-16F7-4668-BE54-9A1E7A4F7556}") = "Sushi.Mediakiwi.Data.Elastic", "src\Sushi.Mediakiwi.Data.Elastic\Sushi.Mediakiwi.Data.Elastic.csproj", "{B7808C4A-D2AF-449C-A170-2F72FC4C5787}"
EndProject
Project("{9A19103F-16F7-4668-BE54-9A1E7A4F7556}") = "Sushi.Mediakiwi.API", "src\Sushi.Mediakiwi.API\Sushi.Mediakiwi.API.csproj", "{E704A69C-82FE-4CB0-9486-67797B90A898}"
EndProject
Project("{FAE04EC0-301F-11D3-BF4B-00C04F79EFBC}") = "Sushi.Mediakiwi.Elastic.UI", "Sushi.Mediakiwi.Elastic.UI\Sushi.Mediakiwi.Elastic.UI.csproj", "{3BD036F9-FF92-4F6D-AC80-F4B017AF37CF}"
EndProject
Global
	GlobalSection(SolutionConfigurationPlatforms) = preSolution
		Debug|Any CPU = Debug|Any CPU
		Release|Any CPU = Release|Any CPU
	EndGlobalSection
	GlobalSection(ProjectConfigurationPlatforms) = postSolution
		{F0C72A9E-4799-48E7-85B3-C9CE5A3AE81B}.Debug|Any CPU.ActiveCfg = Debug|Any CPU
		{F0C72A9E-4799-48E7-85B3-C9CE5A3AE81B}.Debug|Any CPU.Build.0 = Debug|Any CPU
		{F0C72A9E-4799-48E7-85B3-C9CE5A3AE81B}.Release|Any CPU.ActiveCfg = Release|Any CPU
		{F0C72A9E-4799-48E7-85B3-C9CE5A3AE81B}.Release|Any CPU.Build.0 = Release|Any CPU
		{D0B32D66-DDB4-4D44-95B0-DED7108E03CB}.Debug|Any CPU.ActiveCfg = Debug|Any CPU
		{D0B32D66-DDB4-4D44-95B0-DED7108E03CB}.Debug|Any CPU.Build.0 = Debug|Any CPU
		{D0B32D66-DDB4-4D44-95B0-DED7108E03CB}.Release|Any CPU.ActiveCfg = Release|Any CPU
		{D0B32D66-DDB4-4D44-95B0-DED7108E03CB}.Release|Any CPU.Build.0 = Release|Any CPU
		{C252AF02-772F-4BDA-B226-AF0B7C1C2741}.Debug|Any CPU.ActiveCfg = Debug|Any CPU
		{C252AF02-772F-4BDA-B226-AF0B7C1C2741}.Debug|Any CPU.Build.0 = Debug|Any CPU
		{C252AF02-772F-4BDA-B226-AF0B7C1C2741}.Release|Any CPU.ActiveCfg = Release|Any CPU
		{C252AF02-772F-4BDA-B226-AF0B7C1C2741}.Release|Any CPU.Build.0 = Release|Any CPU
		{8C696881-4AB8-41CD-AD46-AEAD0825BE50}.Debug|Any CPU.ActiveCfg = Debug|Any CPU
		{8C696881-4AB8-41CD-AD46-AEAD0825BE50}.Debug|Any CPU.Build.0 = Debug|Any CPU
		{8C696881-4AB8-41CD-AD46-AEAD0825BE50}.Release|Any CPU.ActiveCfg = Release|Any CPU
		{8C696881-4AB8-41CD-AD46-AEAD0825BE50}.Release|Any CPU.Build.0 = Release|Any CPU
		{6E1C9E66-EF21-433A-9190-D3F00E6A2CE9}.Debug|Any CPU.ActiveCfg = Debug|Any CPU
		{6E1C9E66-EF21-433A-9190-D3F00E6A2CE9}.Debug|Any CPU.Build.0 = Debug|Any CPU
		{6E1C9E66-EF21-433A-9190-D3F00E6A2CE9}.Release|Any CPU.ActiveCfg = Release|Any CPU
		{6E1C9E66-EF21-433A-9190-D3F00E6A2CE9}.Release|Any CPU.Build.0 = Release|Any CPU
		{F7CDA9FF-31A0-4848-8030-D6A35A18DB40}.Debug|Any CPU.ActiveCfg = Debug|Any CPU
		{F7CDA9FF-31A0-4848-8030-D6A35A18DB40}.Debug|Any CPU.Build.0 = Debug|Any CPU
		{F7CDA9FF-31A0-4848-8030-D6A35A18DB40}.Release|Any CPU.ActiveCfg = Release|Any CPU
		{F7CDA9FF-31A0-4848-8030-D6A35A18DB40}.Release|Any CPU.Build.0 = Release|Any CPU
		{2C44F085-AC00-498D-A098-0C59E44D1641}.Debug|Any CPU.ActiveCfg = Debug|Any CPU
		{2C44F085-AC00-498D-A098-0C59E44D1641}.Debug|Any CPU.Build.0 = Debug|Any CPU
		{2C44F085-AC00-498D-A098-0C59E44D1641}.Release|Any CPU.ActiveCfg = Release|Any CPU
		{2C44F085-AC00-498D-A098-0C59E44D1641}.Release|Any CPU.Build.0 = Release|Any CPU
		{B7808C4A-D2AF-449C-A170-2F72FC4C5787}.Debug|Any CPU.ActiveCfg = Debug|Any CPU
		{B7808C4A-D2AF-449C-A170-2F72FC4C5787}.Debug|Any CPU.Build.0 = Debug|Any CPU
		{B7808C4A-D2AF-449C-A170-2F72FC4C5787}.Release|Any CPU.ActiveCfg = Release|Any CPU
		{B7808C4A-D2AF-449C-A170-2F72FC4C5787}.Release|Any CPU.Build.0 = Release|Any CPU
		{E704A69C-82FE-4CB0-9486-67797B90A898}.Debug|Any CPU.ActiveCfg = Debug|Any CPU
		{E704A69C-82FE-4CB0-9486-67797B90A898}.Debug|Any CPU.Build.0 = Debug|Any CPU
		{E704A69C-82FE-4CB0-9486-67797B90A898}.Release|Any CPU.ActiveCfg = Release|Any CPU
		{E704A69C-82FE-4CB0-9486-67797B90A898}.Release|Any CPU.Build.0 = Release|Any CPU
		{3BD036F9-FF92-4F6D-AC80-F4B017AF37CF}.Debug|Any CPU.ActiveCfg = Debug|Any CPU
		{3BD036F9-FF92-4F6D-AC80-F4B017AF37CF}.Debug|Any CPU.Build.0 = Debug|Any CPU
		{3BD036F9-FF92-4F6D-AC80-F4B017AF37CF}.Release|Any CPU.ActiveCfg = Release|Any CPU
		{3BD036F9-FF92-4F6D-AC80-F4B017AF37CF}.Release|Any CPU.Build.0 = Release|Any CPU
	EndGlobalSection
	GlobalSection(SolutionProperties) = preSolution
		HideSolutionNode = FALSE
	EndGlobalSection
	GlobalSection(ExtensibilityGlobals) = postSolution
		SolutionGuid = {F2257DB5-DDE8-4888-9045-01E2787DC335}
	EndGlobalSection
EndGlobal
